
Microsoft Visual Studio Solution File, Format Version 12.00
# Visual Studio Version 17
VisualStudioVersion = 17.5.33516.290
MinimumVisualStudioVersion = 10.0.40219.1
Project("{FAE04EC0-301F-11D3-BF4B-00C04F79EFBC}") = "Таймер", "Таймер\Таймер.csproj", "{DD8E6B48-8327-4997-9346-770CD95147BD}"
EndProject
Project("{54435603-DBB4-11D2-8724-00A0C9A8B90C}") = "Setup", "Setup\Setup.vdproj", "{22D44DA4-7F02-43D7-8B10-840B64DDFC83}"
EndProject
Global
	GlobalSection(SolutionConfigurationPlatforms) = preSolution
		Debug|Any CPU = Debug|Any CPU
		Release|Any CPU = Release|Any CPU
	EndGlobalSection
	GlobalSection(ProjectConfigurationPlatforms) = postSolution
		{DD8E6B48-8327-4997-9346-770CD95147BD}.Debug|Any CPU.ActiveCfg = Debug|Any CPU
		{DD8E6B48-8327-4997-9346-770CD95147BD}.Debug|Any CPU.Build.0 = Debug|Any CPU
		{DD8E6B48-8327-4997-9346-770CD95147BD}.Release|Any CPU.ActiveCfg = Release|Any CPU
		{DD8E6B48-8327-4997-9346-770CD95147BD}.Release|Any CPU.Build.0 = Release|Any CPU
		{22D44DA4-7F02-43D7-8B10-840B64DDFC83}.Debug|Any CPU.ActiveCfg = Debug
		{22D44DA4-7F02-43D7-8B10-840B64DDFC83}.Release|Any CPU.ActiveCfg = Release
	EndGlobalSection
	GlobalSection(SolutionProperties) = preSolution
		HideSolutionNode = FALSE
	EndGlobalSection
	GlobalSection(ExtensibilityGlobals) = postSolution
		SolutionGuid = {5CFED063-A3DE-4290-B028-D96A01DABCB9}
	EndGlobalSection
EndGlobal
